
Microsoft Visual Studio Solution File, Format Version 12.00
# Visual Studio 14
VisualStudioVersion = 14.0.24720.0
MinimumVisualStudioVersion = 10.0.40219.1
Project("{FAE04EC0-301F-11D3-BF4B-00C04F79EFBC}") = "Core", "Core\Core.csproj", "{AF98406E-447E-4662-AF5F-F3FE9F230498}"
EndProject
Project("{FAE04EC0-301F-11D3-BF4B-00C04F79EFBC}") = "Test.Core", "Test.Core\Test.Core.csproj", "{16FD2A0F-EE89-4004-9255-E526F5189311}"
EndProject
Project("{FAE04EC0-301F-11D3-BF4B-00C04F79EFBC}") = "FrontEnd", "FrontEnd\FrontEnd.csproj", "{6D0CA45A-A496-4925-8138-5A6A4717C95E}"
EndProject
Global
	GlobalSection(SolutionConfigurationPlatforms) = preSolution
		Debug|Any CPU = Debug|Any CPU
		Debug|x86 = Debug|x86
		Release|Any CPU = Release|Any CPU
		Release|x86 = Release|x86
	EndGlobalSection
	GlobalSection(ProjectConfigurationPlatforms) = postSolution
		{AF98406E-447E-4662-AF5F-F3FE9F230498}.Debug|Any CPU.ActiveCfg = Debug|Any CPU
		{AF98406E-447E-4662-AF5F-F3FE9F230498}.Debug|Any CPU.Build.0 = Debug|Any CPU
		{AF98406E-447E-4662-AF5F-F3FE9F230498}.Debug|x86.ActiveCfg = Debug|Any CPU
		{AF98406E-447E-4662-AF5F-F3FE9F230498}.Debug|x86.Build.0 = Debug|Any CPU
		{AF98406E-447E-4662-AF5F-F3FE9F230498}.Release|Any CPU.ActiveCfg = Release|Any CPU
		{AF98406E-447E-4662-AF5F-F3FE9F230498}.Release|Any CPU.Build.0 = Release|Any CPU
		{AF98406E-447E-4662-AF5F-F3FE9F230498}.Release|x86.ActiveCfg = Release|Any CPU
		{AF98406E-447E-4662-AF5F-F3FE9F230498}.Release|x86.Build.0 = Release|Any CPU
		{16FD2A0F-EE89-4004-9255-E526F5189311}.Debug|Any CPU.ActiveCfg = Debug|Any CPU
		{16FD2A0F-EE89-4004-9255-E526F5189311}.Debug|Any CPU.Build.0 = Debug|Any CPU
		{16FD2A0F-EE89-4004-9255-E526F5189311}.Debug|x86.ActiveCfg = Debug|Any CPU
		{16FD2A0F-EE89-4004-9255-E526F5189311}.Debug|x86.Build.0 = Debug|Any CPU
		{16FD2A0F-EE89-4004-9255-E526F5189311}.Release|Any CPU.ActiveCfg = Release|Any CPU
		{16FD2A0F-EE89-4004-9255-E526F5189311}.Release|Any CPU.Build.0 = Release|Any CPU
		{16FD2A0F-EE89-4004-9255-E526F5189311}.Release|x86.ActiveCfg = Release|Any CPU
		{16FD2A0F-EE89-4004-9255-E526F5189311}.Release|x86.Build.0 = Release|Any CPU
		{6D0CA45A-A496-4925-8138-5A6A4717C95E}.Debug|Any CPU.ActiveCfg = Debug|x64
		{6D0CA45A-A496-4925-8138-5A6A4717C95E}.Debug|Any CPU.Build.0 = Debug|x64
		{6D0CA45A-A496-4925-8138-5A6A4717C95E}.Debug|x86.ActiveCfg = Debug|x64
		{6D0CA45A-A496-4925-8138-5A6A4717C95E}.Debug|x86.Build.0 = Debug|x64
		{6D0CA45A-A496-4925-8138-5A6A4717C95E}.Release|Any CPU.ActiveCfg = Release|Any CPU
		{6D0CA45A-A496-4925-8138-5A6A4717C95E}.Release|Any CPU.Build.0 = Release|Any CPU
		{6D0CA45A-A496-4925-8138-5A6A4717C95E}.Release|x86.ActiveCfg = Release|Any CPU
		{6D0CA45A-A496-4925-8138-5A6A4717C95E}.Release|x86.Build.0 = Release|Any CPU
	EndGlobalSection
	GlobalSection(SolutionProperties) = preSolution
		HideSolutionNode = FALSE
	EndGlobalSection
EndGlobal
